{
  "format": 1,
  "fingerprint": "a4cb9cece2e8b83f02ee338efa73580306e090567ebfee7b47d95ceb12059adb",
  "assignments": [
    null,
    null,
    {
      "recipe": [
        3,
        0,
        0,
        0,
        0,
        0
      ],
      "output": {
        "dead_code_elimination": true,
        "target_compaction": true,
        "rules": {
          "constant_folding": true,
          "inlining": true,
          "scalar_replacement": true,
          "data_encoding": false,
          "array_packing": "disabled",
          "call_specialization": true,
          "helper_sharing": true,
          "parameterized_helpers": false,
          "statement_spellings": true,
          "declaration_order": false,
          "receiver_aliases": true
        },
        "literals": "Original",
        "families": {
          "block_inlining": true,
          "expression_inlining": true,
          "call_specialization": false,
          "helper_sharing": false,
          "parameterized_helpers": false,
          "flat_blocks": true,
          "statements": {
            "conditional_values": true,
            "exit_points": true,
            "loop_fusion": true,
            "conditional_returns": true,
            "logical_branches": true
          },
          "string_pooling": true,
          "string_array_packing": false,
          "string_constants": true,
          "loop_heads": true,
          "logical_statements": true,
          "compound_assignments": true,
          "quotes": true,
          "int32_hints": false,
          "property_mangling": false
        },
        "choices": {
          "entries": [],
          "joint": false
        }
      },
      "naming": {
        "style": "Scoped",
        "alphabet": "ealobctnrfidgusmpvhxjkqwyzABCDEFGHIJKLMNOPQRSTUVWXYZ$_",
        "source_names": [],
        "self_named": true,
        "read_order": true,
        "local_read_order": false,
        "compact_order": false
      }
    }
  ]
}
