version = 1
compiler_abi = 1

[root_dependencies]
vue-hosts = "=1.0.0"

[[packages]]
name = "vue-hosts"
version = "1.0.0"
abi = 1
source = "../../src/providers/browser"
entry = "compiler-core.lil"
checksum = "sha256:37f8ce055e408499c0972836ac253491f46dd7aa0e8daa8136efaafd419d88bf"

[packages.dependencies]
